
Microsoft Visual Studio Solution File, Format Version 12.00
# Visual Studio Version 17
VisualStudioVersion = 17.1.32421.90
MinimumVisualStudioVersion = 10.0.40219.1
Project("{FAE04EC0-301F-11D3-BF4B-00C04F79EFBC}") = "TCP-server", "TCP-server\TCP-server.csproj", "{A92AACE4-2ACA-4B06-9772-5271032E6B3D}"
EndProject
Global
	GlobalSection(SolutionConfigurationPlatforms) = preSolution
		Debug|Any CPU = Debug|Any CPU
		Release|Any CPU = Release|Any CPU
	EndGlobalSection
	GlobalSection(ProjectConfigurationPlatforms) = postSolution
		{A92AACE4-2ACA-4B06-9772-5271032E6B3D}.Debug|Any CPU.ActiveCfg = Debug|Any CPU
		{A92AACE4-2ACA-4B06-9772-5271032E6B3D}.Debug|Any CPU.Build.0 = Debug|Any CPU
		{A92AACE4-2ACA-4B06-9772-5271032E6B3D}.Release|Any CPU.ActiveCfg = Release|Any CPU
		{A92AACE4-2ACA-4B06-9772-5271032E6B3D}.Release|Any CPU.Build.0 = Release|Any CPU
	EndGlobalSection
	GlobalSection(SolutionProperties) = preSolution
		HideSolutionNode = FALSE
	EndGlobalSection
	GlobalSection(ExtensibilityGlobals) = postSolution
		SolutionGuid = {BC24620D-F0BA-4EC9-827A-563427CAEB4F}
	EndGlobalSection
EndGlobal
